
Microsoft Visual Studio Solution File, Format Version 12.00
Project("{FAE04EC0-301F-11D3-BF4B-00C04F79EFBC}") = "Generics", "Generics\Generics.csproj", "{D4ECC141-0804-4507-B6DC-BAAED788FE3C}"
EndProject
Project("{FAE04EC0-301F-11D3-BF4B-00C04F79EFBC}") = "ref", "ref\ref.csproj", "{95DB6FBF-BA8C-4E20-868F-5078A19A67C6}"
EndProject
Project("{FAE04EC0-301F-11D3-BF4B-00C04F79EFBC}") = "handling-null", "handling-null\handling-null.csproj", "{6E19BCC8-4562-45B4-98A2-FDF720D5CFD8}"
EndProject
Project("{FAE04EC0-301F-11D3-BF4B-00C04F79EFBC}") = "extensionMethods", "extensionMethods\extensionMethods.csproj", "{78C51895-C3EB-4192-A485-F7750D246128}"
EndProject
Project("{FAE04EC0-301F-11D3-BF4B-00C04F79EFBC}") = "Delegates", "Delegates\Delegates.csproj", "{145324C5-D5DB-4772-A9B9-2E4EEAA88AAF}"
EndProject
Project("{FAE04EC0-301F-11D3-BF4B-00C04F79EFBC}") = "events", "events\events.csproj", "{5D98F385-3CB7-40F2-B012-2AD2DD51C92F}"
EndProject
Project("{FAE04EC0-301F-11D3-BF4B-00C04F79EFBC}") = "arrays", "arrays\arrays.csproj", "{B790A0B9-7DB2-4A66-9DBC-A6D656310302}"
EndProject
Global
	GlobalSection(SolutionConfigurationPlatforms) = preSolution
		Debug|Any CPU = Debug|Any CPU
		Release|Any CPU = Release|Any CPU
	EndGlobalSection
	GlobalSection(ProjectConfigurationPlatforms) = postSolution
		{D4ECC141-0804-4507-B6DC-BAAED788FE3C}.Debug|Any CPU.ActiveCfg = Debug|Any CPU
		{D4ECC141-0804-4507-B6DC-BAAED788FE3C}.Debug|Any CPU.Build.0 = Debug|Any CPU
		{D4ECC141-0804-4507-B6DC-BAAED788FE3C}.Release|Any CPU.ActiveCfg = Release|Any CPU
		{D4ECC141-0804-4507-B6DC-BAAED788FE3C}.Release|Any CPU.Build.0 = Release|Any CPU
		{95DB6FBF-BA8C-4E20-868F-5078A19A67C6}.Debug|Any CPU.ActiveCfg = Debug|Any CPU
		{95DB6FBF-BA8C-4E20-868F-5078A19A67C6}.Debug|Any CPU.Build.0 = Debug|Any CPU
		{95DB6FBF-BA8C-4E20-868F-5078A19A67C6}.Release|Any CPU.ActiveCfg = Release|Any CPU
		{95DB6FBF-BA8C-4E20-868F-5078A19A67C6}.Release|Any CPU.Build.0 = Release|Any CPU
		{6E19BCC8-4562-45B4-98A2-FDF720D5CFD8}.Debug|Any CPU.ActiveCfg = Debug|Any CPU
		{6E19BCC8-4562-45B4-98A2-FDF720D5CFD8}.Debug|Any CPU.Build.0 = Debug|Any CPU
		{6E19BCC8-4562-45B4-98A2-FDF720D5CFD8}.Release|Any CPU.ActiveCfg = Release|Any CPU
		{6E19BCC8-4562-45B4-98A2-FDF720D5CFD8}.Release|Any CPU.Build.0 = Release|Any CPU
		{78C51895-C3EB-4192-A485-F7750D246128}.Debug|Any CPU.ActiveCfg = Debug|Any CPU
		{78C51895-C3EB-4192-A485-F7750D246128}.Debug|Any CPU.Build.0 = Debug|Any CPU
		{78C51895-C3EB-4192-A485-F7750D246128}.Release|Any CPU.ActiveCfg = Release|Any CPU
		{78C51895-C3EB-4192-A485-F7750D246128}.Release|Any CPU.Build.0 = Release|Any CPU
		{145324C5-D5DB-4772-A9B9-2E4EEAA88AAF}.Debug|Any CPU.ActiveCfg = Debug|Any CPU
		{145324C5-D5DB-4772-A9B9-2E4EEAA88AAF}.Debug|Any CPU.Build.0 = Debug|Any CPU
		{145324C5-D5DB-4772-A9B9-2E4EEAA88AAF}.Release|Any CPU.ActiveCfg = Release|Any CPU
		{145324C5-D5DB-4772-A9B9-2E4EEAA88AAF}.Release|Any CPU.Build.0 = Release|Any CPU
		{5D98F385-3CB7-40F2-B012-2AD2DD51C92F}.Debug|Any CPU.ActiveCfg = Debug|Any CPU
		{5D98F385-3CB7-40F2-B012-2AD2DD51C92F}.Debug|Any CPU.Build.0 = Debug|Any CPU
		{5D98F385-3CB7-40F2-B012-2AD2DD51C92F}.Release|Any CPU.ActiveCfg = Release|Any CPU
		{5D98F385-3CB7-40F2-B012-2AD2DD51C92F}.Release|Any CPU.Build.0 = Release|Any CPU
		{B790A0B9-7DB2-4A66-9DBC-A6D656310302}.Debug|Any CPU.ActiveCfg = Debug|Any CPU
		{B790A0B9-7DB2-4A66-9DBC-A6D656310302}.Debug|Any CPU.Build.0 = Debug|Any CPU
		{B790A0B9-7DB2-4A66-9DBC-A6D656310302}.Release|Any CPU.ActiveCfg = Release|Any CPU
		{B790A0B9-7DB2-4A66-9DBC-A6D656310302}.Release|Any CPU.Build.0 = Release|Any CPU
	EndGlobalSection
EndGlobal
