
Microsoft Visual Studio Solution File, Format Version 12.00
Project("{FAE04EC0-301F-11D3-BF4B-00C04F79EFBC}") = "Generics", "Generics\Generics.csproj", "{D4ECC141-0804-4507-B6DC-BAAED788FE3C}"
EndProject
Project("{FAE04EC0-301F-11D3-BF4B-00C04F79EFBC}") = "ref", "ref\ref.csproj", "{95DB6FBF-BA8C-4E20-868F-5078A19A67C6}"
EndProject
Project("{FAE04EC0-301F-11D3-BF4B-00C04F79EFBC}") = "handling-null", "handling-null\handling-null.csproj", "{6E19BCC8-4562-45B4-98A2-FDF720D5CFD8}"
EndProject
Global
	GlobalSection(SolutionConfigurationPlatforms) = preSolution
		Debug|Any CPU = Debug|Any CPU
		Release|Any CPU = Release|Any CPU
	EndGlobalSection
	GlobalSection(ProjectConfigurationPlatforms) = postSolution
		{D4ECC141-0804-4507-B6DC-BAAED788FE3C}.Debug|Any CPU.ActiveCfg = Debug|Any CPU
		{D4ECC141-0804-4507-B6DC-BAAED788FE3C}.Debug|Any CPU.Build.0 = Debug|Any CPU
		{D4ECC141-0804-4507-B6DC-BAAED788FE3C}.Release|Any CPU.ActiveCfg = Release|Any CPU
		{D4ECC141-0804-4507-B6DC-BAAED788FE3C}.Release|Any CPU.Build.0 = Release|Any CPU
		{95DB6FBF-BA8C-4E20-868F-5078A19A67C6}.Debug|Any CPU.ActiveCfg = Debug|Any CPU
		{95DB6FBF-BA8C-4E20-868F-5078A19A67C6}.Debug|Any CPU.Build.0 = Debug|Any CPU
		{95DB6FBF-BA8C-4E20-868F-5078A19A67C6}.Release|Any CPU.ActiveCfg = Release|Any CPU
		{95DB6FBF-BA8C-4E20-868F-5078A19A67C6}.Release|Any CPU.Build.0 = Release|Any CPU
		{6E19BCC8-4562-45B4-98A2-FDF720D5CFD8}.Debug|Any CPU.ActiveCfg = Debug|Any CPU
		{6E19BCC8-4562-45B4-98A2-FDF720D5CFD8}.Debug|Any CPU.Build.0 = Debug|Any CPU
		{6E19BCC8-4562-45B4-98A2-FDF720D5CFD8}.Release|Any CPU.ActiveCfg = Release|Any CPU
		{6E19BCC8-4562-45B4-98A2-FDF720D5CFD8}.Release|Any CPU.Build.0 = Release|Any CPU
	EndGlobalSection
EndGlobal
